
Microsoft Visual Studio Solution File, Format Version 12.00
# Visual Studio Version 16
VisualStudioVersion = 16.0.29509.3
MinimumVisualStudioVersion = 10.0.40219.1
Project("{FAE04EC0-301F-11D3-BF4B-00C04F79EFBC}") = "vgmpcm_salvage", "vgmpcm_salvage.csproj", "{18C0BCE8-15AF-483F-A183-5C6DE4571E73}"
EndProject
Global
	GlobalSection(SolutionConfigurationPlatforms) = preSolution
		Debug|Any CPU = Debug|Any CPU
		Release|Any CPU = Release|Any CPU
	EndGlobalSection
	GlobalSection(ProjectConfigurationPlatforms) = postSolution
		{18C0BCE8-15AF-483F-A183-5C6DE4571E73}.Debug|Any CPU.ActiveCfg = Debug|Any CPU
		{18C0BCE8-15AF-483F-A183-5C6DE4571E73}.Debug|Any CPU.Build.0 = Debug|Any CPU
		{18C0BCE8-15AF-483F-A183-5C6DE4571E73}.Release|Any CPU.ActiveCfg = Release|Any CPU
		{18C0BCE8-15AF-483F-A183-5C6DE4571E73}.Release|Any CPU.Build.0 = Release|Any CPU
	EndGlobalSection
	GlobalSection(SolutionProperties) = preSolution
		HideSolutionNode = FALSE
	EndGlobalSection
	GlobalSection(ExtensibilityGlobals) = postSolution
		SolutionGuid = {00D37F17-43F6-4416-BA1E-BE04B4244FD6}
	EndGlobalSection
EndGlobal
